{
  "nodes": {
    "nixpkgs": {
      "locked": {
        "lastModified": 1693028636,
        "narHash": "sha256-WOG42JO/yyvgYK3jQktDEy2qtZI7R+s3Lo4Y9gBr6XM=",
        "path": "/nix/store/r9w8fc37ib2xxvhy320f781drk1irn3m-source",
        "rev": "e61ea96d43505ba0d2c066134eb9d67cadfddce7",
        "type": "path"
      },
      "original": {
        "id": "nixpkgs",
        "type": "indirect"
      }
    },
    "root": {
      "inputs": {
        "nixpkgs": "nixpkgs"
      }
    }
  },
  "root": "root",
  "version": 7
}
